
Microsoft Visual Studio Solution File, Format Version 12.00
# Visual Studio 15
VisualStudioVersion = 15.0.27428.2043
MinimumVisualStudioVersion = 10.0.40219.1
Project("{FAE04EC0-301F-11D3-BF4B-00C04F79EFBC}") = "JCTest", "JCTest\JCTest.csproj", "{FDF92ABE-A50F-4A98-AA08-765F65193009}"
EndProject
Global
	GlobalSection(SolutionConfigurationPlatforms) = preSolution
		Debug|Any CPU = Debug|Any CPU
		Release|Any CPU = Release|Any CPU
	EndGlobalSection
	GlobalSection(ProjectConfigurationPlatforms) = postSolution
		{FDF92ABE-A50F-4A98-AA08-765F65193009}.Debug|Any CPU.ActiveCfg = Debug|Any CPU
		{FDF92ABE-A50F-4A98-AA08-765F65193009}.Debug|Any CPU.Build.0 = Debug|Any CPU
		{FDF92ABE-A50F-4A98-AA08-765F65193009}.Release|Any CPU.ActiveCfg = Release|Any CPU
		{FDF92ABE-A50F-4A98-AA08-765F65193009}.Release|Any CPU.Build.0 = Release|Any CPU
	EndGlobalSection
	GlobalSection(SolutionProperties) = preSolution
		HideSolutionNode = FALSE
	EndGlobalSection
	GlobalSection(ExtensibilityGlobals) = postSolution
		SolutionGuid = {8DF911D7-A79D-44D9-BFD5-E8592DFD138A}
	EndGlobalSection
EndGlobal
